
Microsoft Visual Studio Solution File, Format Version 12.00
# Visual Studio Version 17
VisualStudioVersion = 17.9.34728.123
MinimumVisualStudioVersion = 10.0.40219.1
Project("{9A19103F-16F7-4668-BE54-9A1E7A4F7556}") = "WebAPI", "WebAPI\WebAPI.csproj", "{F81D74A4-BB1C-481B-A404-B901F11918C7}"
EndProject
Project("{9A19103F-16F7-4668-BE54-9A1E7A4F7556}") = "BusinessObjects", "BusinessObjects\BusinessObjects.csproj", "{929FE939-56C9-4EC6-9C26-64EADF82558D}"
EndProject
Project("{9A19103F-16F7-4668-BE54-9A1E7A4F7556}") = "DTO", "DTO\DTO.csproj", "{D73711A7-BB3D-46A7-B2A5-DD6122E44ABA}"
EndProject
Project("{9A19103F-16F7-4668-BE54-9A1E7A4F7556}") = "Repository", "Repository\Repository.csproj", "{96EE0642-8C1E-43B9-BA8B-608481E36BAD}"
EndProject
Project("{9A19103F-16F7-4668-BE54-9A1E7A4F7556}") = "Service", "Service\Service.csproj", "{EA4531D5-2475-49A8-AA70-B897F775992C}"
EndProject
Global
	GlobalSection(SolutionConfigurationPlatforms) = preSolution
		Debug|Any CPU = Debug|Any CPU
		Release|Any CPU = Release|Any CPU
	EndGlobalSection
	GlobalSection(ProjectConfigurationPlatforms) = postSolution
		{F81D74A4-BB1C-481B-A404-B901F11918C7}.Debug|Any CPU.ActiveCfg = Debug|Any CPU
		{F81D74A4-BB1C-481B-A404-B901F11918C7}.Debug|Any CPU.Build.0 = Debug|Any CPU
		{F81D74A4-BB1C-481B-A404-B901F11918C7}.Release|Any CPU.ActiveCfg = Release|Any CPU
		{F81D74A4-BB1C-481B-A404-B901F11918C7}.Release|Any CPU.Build.0 = Release|Any CPU
		{929FE939-56C9-4EC6-9C26-64EADF82558D}.Debug|Any CPU.ActiveCfg = Debug|Any CPU
		{929FE939-56C9-4EC6-9C26-64EADF82558D}.Debug|Any CPU.Build.0 = Debug|Any CPU
		{929FE939-56C9-4EC6-9C26-64EADF82558D}.Release|Any CPU.ActiveCfg = Release|Any CPU
		{929FE939-56C9-4EC6-9C26-64EADF82558D}.Release|Any CPU.Build.0 = Release|Any CPU
		{D73711A7-BB3D-46A7-B2A5-DD6122E44ABA}.Debug|Any CPU.ActiveCfg = Debug|Any CPU
		{D73711A7-BB3D-46A7-B2A5-DD6122E44ABA}.Debug|Any CPU.Build.0 = Debug|Any CPU
		{D73711A7-BB3D-46A7-B2A5-DD6122E44ABA}.Release|Any CPU.ActiveCfg = Release|Any CPU
		{D73711A7-BB3D-46A7-B2A5-DD6122E44ABA}.Release|Any CPU.Build.0 = Release|Any CPU
		{96EE0642-8C1E-43B9-BA8B-608481E36BAD}.Debug|Any CPU.ActiveCfg = Debug|Any CPU
		{96EE0642-8C1E-43B9-BA8B-608481E36BAD}.Debug|Any CPU.Build.0 = Debug|Any CPU
		{96EE0642-8C1E-43B9-BA8B-608481E36BAD}.Release|Any CPU.ActiveCfg = Release|Any CPU
		{96EE0642-8C1E-43B9-BA8B-608481E36BAD}.Release|Any CPU.Build.0 = Release|Any CPU
		{EA4531D5-2475-49A8-AA70-B897F775992C}.Debug|Any CPU.ActiveCfg = Debug|Any CPU
		{EA4531D5-2475-49A8-AA70-B897F775992C}.Debug|Any CPU.Build.0 = Debug|Any CPU
		{EA4531D5-2475-49A8-AA70-B897F775992C}.Release|Any CPU.ActiveCfg = Release|Any CPU
		{EA4531D5-2475-49A8-AA70-B897F775992C}.Release|Any CPU.Build.0 = Release|Any CPU
	EndGlobalSection
	GlobalSection(SolutionProperties) = preSolution
		HideSolutionNode = FALSE
	EndGlobalSection
	GlobalSection(ExtensibilityGlobals) = postSolution
		SolutionGuid = {74C5A4F4-2597-484A-ABFF-E7384116278D}
	EndGlobalSection
EndGlobal
